
Microsoft Visual Studio Solution File, Format Version 12.00
# Visual Studio Version 17
VisualStudioVersion = 17.12.35707.178 d17.12
MinimumVisualStudioVersion = 10.0.40219.1
Project("{8BC9CEB8-8B4A-11D0-8D11-00A0C91BC942}") = "Barebones", "Barebones\Barebones.vcxproj", "{CF1A23FE-BFB2-4F6E-8271-5D1A1106DE21}"
EndProject
Project("{2150E333-8FDC-42A3-9474-1A3956D46DE8}") = "include", "include", "{4E063AB2-5AAD-45E1-84A1-5AD3E3BD5FC0}"
	ProjectSection(SolutionItems) = preProject
		include\IPotatoPlugin.h = include\IPotatoPlugin.h
		include\ProcessContext.h = include\ProcessContext.h
	EndProjectSection
EndProject
Project("{8BC9CEB8-8B4A-11D0-8D11-00A0C91BC942}") = "Silence", "Silence\Silence.vcxproj", "{9EEE84F5-8C32-4D4F-9C79-23E5172597A0}"
EndProject
Project("{8BC9CEB8-8B4A-11D0-8D11-00A0C91BC942}") = "NoiseSuppression", "NoiseSuppression\NoiseSuppression.vcxproj", "{15B3FB2A-77FF-45F8-8983-83239B2C86C2}"
EndProject
Global
	GlobalSection(SolutionConfigurationPlatforms) = preSolution
		Debug|x64 = Debug|x64
		Debug|x86 = Debug|x86
		Release|x64 = Release|x64
		Release|x86 = Release|x86
	EndGlobalSection
	GlobalSection(ProjectConfigurationPlatforms) = postSolution
		{CF1A23FE-BFB2-4F6E-8271-5D1A1106DE21}.Debug|x64.ActiveCfg = Debug|x64
		{CF1A23FE-BFB2-4F6E-8271-5D1A1106DE21}.Debug|x64.Build.0 = Debug|x64
		{CF1A23FE-BFB2-4F6E-8271-5D1A1106DE21}.Debug|x86.ActiveCfg = Debug|Win32
		{CF1A23FE-BFB2-4F6E-8271-5D1A1106DE21}.Debug|x86.Build.0 = Debug|Win32
		{CF1A23FE-BFB2-4F6E-8271-5D1A1106DE21}.Release|x64.ActiveCfg = Release|x64
		{CF1A23FE-BFB2-4F6E-8271-5D1A1106DE21}.Release|x64.Build.0 = Release|x64
		{CF1A23FE-BFB2-4F6E-8271-5D1A1106DE21}.Release|x86.ActiveCfg = Release|Win32
		{CF1A23FE-BFB2-4F6E-8271-5D1A1106DE21}.Release|x86.Build.0 = Release|Win32
		{9EEE84F5-8C32-4D4F-9C79-23E5172597A0}.Debug|x64.ActiveCfg = Debug|x64
		{9EEE84F5-8C32-4D4F-9C79-23E5172597A0}.Debug|x64.Build.0 = Debug|x64
		{9EEE84F5-8C32-4D4F-9C79-23E5172597A0}.Debug|x86.ActiveCfg = Debug|Win32
		{9EEE84F5-8C32-4D4F-9C79-23E5172597A0}.Debug|x86.Build.0 = Debug|Win32
		{9EEE84F5-8C32-4D4F-9C79-23E5172597A0}.Release|x64.ActiveCfg = Release|x64
		{9EEE84F5-8C32-4D4F-9C79-23E5172597A0}.Release|x64.Build.0 = Release|x64
		{9EEE84F5-8C32-4D4F-9C79-23E5172597A0}.Release|x86.ActiveCfg = Release|Win32
		{9EEE84F5-8C32-4D4F-9C79-23E5172597A0}.Release|x86.Build.0 = Release|Win32
		{15B3FB2A-77FF-45F8-8983-83239B2C86C2}.Debug|x64.ActiveCfg = Debug|x64
		{15B3FB2A-77FF-45F8-8983-83239B2C86C2}.Debug|x64.Build.0 = Debug|x64
		{15B3FB2A-77FF-45F8-8983-83239B2C86C2}.Debug|x86.ActiveCfg = Debug|Win32
		{15B3FB2A-77FF-45F8-8983-83239B2C86C2}.Debug|x86.Build.0 = Debug|Win32
		{15B3FB2A-77FF-45F8-8983-83239B2C86C2}.Release|x64.ActiveCfg = Release|x64
		{15B3FB2A-77FF-45F8-8983-83239B2C86C2}.Release|x64.Build.0 = Release|x64
		{15B3FB2A-77FF-45F8-8983-83239B2C86C2}.Release|x86.ActiveCfg = Release|Win32
		{15B3FB2A-77FF-45F8-8983-83239B2C86C2}.Release|x86.Build.0 = Release|Win32
	EndGlobalSection
	GlobalSection(SolutionProperties) = preSolution
		HideSolutionNode = FALSE
	EndGlobalSection
EndGlobal
